
Microsoft Visual Studio Solution File, Format Version 12.00
# Visual Studio Version 17
VisualStudioVersion = 17.4.33213.308
MinimumVisualStudioVersion = 10.0.40219.1
Project("{FAE04EC0-301F-11D3-BF4B-00C04F79EFBC}") = "Prova190123", "Prova190123.csproj", "{77838454-3430-45AC-965F-9F0EB2E2C5F2}"
EndProject
Global
	GlobalSection(SolutionConfigurationPlatforms) = preSolution
		Debug|Any CPU = Debug|Any CPU
		Release|Any CPU = Release|Any CPU
	EndGlobalSection
	GlobalSection(ProjectConfigurationPlatforms) = postSolution
		{77838454-3430-45AC-965F-9F0EB2E2C5F2}.Debug|Any CPU.ActiveCfg = Debug|Any CPU
		{77838454-3430-45AC-965F-9F0EB2E2C5F2}.Debug|Any CPU.Build.0 = Debug|Any CPU
		{77838454-3430-45AC-965F-9F0EB2E2C5F2}.Release|Any CPU.ActiveCfg = Release|Any CPU
		{77838454-3430-45AC-965F-9F0EB2E2C5F2}.Release|Any CPU.Build.0 = Release|Any CPU
	EndGlobalSection
	GlobalSection(SolutionProperties) = preSolution
		HideSolutionNode = FALSE
	EndGlobalSection
	GlobalSection(ExtensibilityGlobals) = postSolution
		SolutionGuid = {38AB0AC7-DBA9-409D-9BF0-734954DC42A6}
	EndGlobalSection
EndGlobal
