
Microsoft Visual Studio Solution File, Format Version 12.00
# Visual Studio Version 17
VisualStudioVersion = 17.4.33213.308
MinimumVisualStudioVersion = 10.0.40219.1
Project("{FAE04EC0-301F-11D3-BF4B-00C04F79EFBC}") = "EntityFramework160523", "EntityFramework160523.csproj", "{A196119D-C776-4B74-A0B3-17DEAF40676A}"
EndProject
Global
	GlobalSection(SolutionConfigurationPlatforms) = preSolution
		Debug|Any CPU = Debug|Any CPU
		Release|Any CPU = Release|Any CPU
	EndGlobalSection
	GlobalSection(ProjectConfigurationPlatforms) = postSolution
		{A196119D-C776-4B74-A0B3-17DEAF40676A}.Debug|Any CPU.ActiveCfg = Debug|Any CPU
		{A196119D-C776-4B74-A0B3-17DEAF40676A}.Debug|Any CPU.Build.0 = Debug|Any CPU
		{A196119D-C776-4B74-A0B3-17DEAF40676A}.Release|Any CPU.ActiveCfg = Release|Any CPU
		{A196119D-C776-4B74-A0B3-17DEAF40676A}.Release|Any CPU.Build.0 = Release|Any CPU
	EndGlobalSection
	GlobalSection(SolutionProperties) = preSolution
		HideSolutionNode = FALSE
	EndGlobalSection
	GlobalSection(ExtensibilityGlobals) = postSolution
		SolutionGuid = {48CA365D-F131-4BF2-A01D-FC1DA3BED519}
	EndGlobalSection
EndGlobal
