
Microsoft Visual Studio Solution File, Format Version 12.00
# Visual Studio Version 17
VisualStudioVersion = 17.4.33213.308
MinimumVisualStudioVersion = 10.0.40219.1
Project("{FAE04EC0-301F-11D3-BF4B-00C04F79EFBC}") = "Esercitazioni_liste100223", "Esercitazioni_liste100223.csproj", "{D93A6587-9BB8-4BB8-B14A-D76512E55DF1}"
EndProject
Global
	GlobalSection(SolutionConfigurationPlatforms) = preSolution
		Debug|Any CPU = Debug|Any CPU
		Release|Any CPU = Release|Any CPU
	EndGlobalSection
	GlobalSection(ProjectConfigurationPlatforms) = postSolution
		{D93A6587-9BB8-4BB8-B14A-D76512E55DF1}.Debug|Any CPU.ActiveCfg = Debug|Any CPU
		{D93A6587-9BB8-4BB8-B14A-D76512E55DF1}.Debug|Any CPU.Build.0 = Debug|Any CPU
		{D93A6587-9BB8-4BB8-B14A-D76512E55DF1}.Release|Any CPU.ActiveCfg = Release|Any CPU
		{D93A6587-9BB8-4BB8-B14A-D76512E55DF1}.Release|Any CPU.Build.0 = Release|Any CPU
	EndGlobalSection
	GlobalSection(SolutionProperties) = preSolution
		HideSolutionNode = FALSE
	EndGlobalSection
	GlobalSection(ExtensibilityGlobals) = postSolution
		SolutionGuid = {0C5D46BC-0D06-49BA-A3A6-E59CC849046C}
	EndGlobalSection
EndGlobal
