
Microsoft Visual Studio Solution File, Format Version 12.00
# Visual Studio Version 17
VisualStudioVersion = 17.4.33213.308
MinimumVisualStudioVersion = 10.0.40219.1
Project("{FAE04EC0-301F-11D3-BF4B-00C04F79EFBC}") = "ripasso12052023", "ripasso12052023.csproj", "{56A6D073-7722-4F0B-B739-C29338A2DF6A}"
EndProject
Global
	GlobalSection(SolutionConfigurationPlatforms) = preSolution
		Debug|Any CPU = Debug|Any CPU
		Release|Any CPU = Release|Any CPU
	EndGlobalSection
	GlobalSection(ProjectConfigurationPlatforms) = postSolution
		{56A6D073-7722-4F0B-B739-C29338A2DF6A}.Debug|Any CPU.ActiveCfg = Debug|Any CPU
		{56A6D073-7722-4F0B-B739-C29338A2DF6A}.Debug|Any CPU.Build.0 = Debug|Any CPU
		{56A6D073-7722-4F0B-B739-C29338A2DF6A}.Release|Any CPU.ActiveCfg = Release|Any CPU
		{56A6D073-7722-4F0B-B739-C29338A2DF6A}.Release|Any CPU.Build.0 = Release|Any CPU
	EndGlobalSection
	GlobalSection(SolutionProperties) = preSolution
		HideSolutionNode = FALSE
	EndGlobalSection
	GlobalSection(ExtensibilityGlobals) = postSolution
		SolutionGuid = {F163C5FC-C2F6-4815-A9B9-0CD1FE706786}
	EndGlobalSection
EndGlobal
