
Microsoft Visual Studio Solution File, Format Version 12.00
# Visual Studio Version 17
VisualStudioVersion = 17.4.33213.308
MinimumVisualStudioVersion = 10.0.40219.1
Project("{FAE04EC0-301F-11D3-BF4B-00C04F79EFBC}") = "Eredita240323", "Eredita240323.csproj", "{704C2182-C008-44B1-85FE-142AA5CAC264}"
EndProject
Global
	GlobalSection(SolutionConfigurationPlatforms) = preSolution
		Debug|Any CPU = Debug|Any CPU
		Release|Any CPU = Release|Any CPU
	EndGlobalSection
	GlobalSection(ProjectConfigurationPlatforms) = postSolution
		{704C2182-C008-44B1-85FE-142AA5CAC264}.Debug|Any CPU.ActiveCfg = Debug|Any CPU
		{704C2182-C008-44B1-85FE-142AA5CAC264}.Debug|Any CPU.Build.0 = Debug|Any CPU
		{704C2182-C008-44B1-85FE-142AA5CAC264}.Release|Any CPU.ActiveCfg = Release|Any CPU
		{704C2182-C008-44B1-85FE-142AA5CAC264}.Release|Any CPU.Build.0 = Release|Any CPU
	EndGlobalSection
	GlobalSection(SolutionProperties) = preSolution
		HideSolutionNode = FALSE
	EndGlobalSection
	GlobalSection(ExtensibilityGlobals) = postSolution
		SolutionGuid = {02FDCA12-BA34-4DB4-8CCD-77A69EC2CF95}
	EndGlobalSection
EndGlobal
